
Microsoft Visual Studio Solution File, Format Version 12.00
# Visual Studio Version 16
VisualStudioVersion = 16.0.30204.135
MinimumVisualStudioVersion = 10.0.40219.1
Project("{FAE04EC0-301F-11D3-BF4B-00C04F79EFBC}") = "BodyMassIndex", "BodyMassIndex.csproj", "{3E70936B-BD06-49FE-8D94-2E20625B636E}"
EndProject
Global
	GlobalSection(SolutionConfigurationPlatforms) = preSolution
		Debug|Any CPU = Debug|Any CPU
		Release|Any CPU = Release|Any CPU
	EndGlobalSection
	GlobalSection(ProjectConfigurationPlatforms) = postSolution
		{3E70936B-BD06-49FE-8D94-2E20625B636E}.Debug|Any CPU.ActiveCfg = Debug|Any CPU
		{3E70936B-BD06-49FE-8D94-2E20625B636E}.Debug|Any CPU.Build.0 = Debug|Any CPU
		{3E70936B-BD06-49FE-8D94-2E20625B636E}.Release|Any CPU.ActiveCfg = Release|Any CPU
		{3E70936B-BD06-49FE-8D94-2E20625B636E}.Release|Any CPU.Build.0 = Release|Any CPU
	EndGlobalSection
	GlobalSection(SolutionProperties) = preSolution
		HideSolutionNode = FALSE
	EndGlobalSection
	GlobalSection(ExtensibilityGlobals) = postSolution
		SolutionGuid = {2848F123-0AFE-4B4E-B1FE-7691F0FBD24A}
	EndGlobalSection
EndGlobal
